PODS:
  - Flutter (1.0.0)
  - flutter_zendesk (0.0.1):
    - Flutter
    - ZendeskSDK (= 4.0.0)
  - ZendeskSDK (4.0.0):
    - ZendeskSDK/Providers (= 4.0.0)
    - ZendeskSDK/UI (= 4.0.0)
  - ZendeskSDK/Core (4.0.0)
  - ZendeskSDK/Providers (4.0.0):
    - ZendeskSDK/Core
  - ZendeskSDK/UI (4.0.0):
    - ZendeskSDK/Core
    - ZendeskSDK/Providers

DEPENDENCIES:
  - Flutter (from `Flutter`)
  - flutter_zendesk (from `.symlinks/plugins/flutter_zendesk/ios`)

SPEC REPOS:
  trunk:
    - ZendeskSDK

EXTERNAL SOURCES:
  Flutter:
    :path: Flutter
  flutter_zendesk:
    :path: ".symlinks/plugins/flutter_zendesk/ios"

SPEC CHECKSUMS:
  Flutter: f04841e97a9d0b0a8025694d0796dd46242b2854
  flutter_zendesk: 074b3c781636382bf33c0f6cb7f991b65d32fa31
  ZendeskSDK: 99679d8420a6d862773e2ddef0ebcc51b282317d

PODFILE CHECKSUM: 3edd8abaceda031a1ecb60fb8eb5ee8935029207

COCOAPODS: 1.11.3
